
Microsoft Visual Studio Solution File, Format Version 12.00
# Visual Studio 2017
Project("{FAE04EC0-301F-11D3-BF4B-00C04F79EFBC}") = "AweekdayProject", "AweekdayProject.csproj", "{7B92C5C3-B079-DC90-58C3-E71FA3D977B8}"
EndProject
Project("{FAE04EC0-301F-11D3-BF4B-00C04F79EFBC}") = "AweekdayProject.Editor", "AweekdayProject.Editor.csproj", "{32C75C06-5D44-DC78-3EB3-F9F15CA1D69F}"
EndProject
Global
	GlobalSection(SolutionConfigurationPlatforms) = preSolution
		Debug|Any CPU = Debug|Any CPU
		Release|Any CPU = Release|Any CPU
	EndGlobalSection
	GlobalSection(ProjectConfigurationPlatforms) = postSolution
		{7B92C5C3-B079-DC90-58C3-E71FA3D977B8}.Debug|Any CPU.ActiveCfg = Debug|Any CPU
		{7B92C5C3-B079-DC90-58C3-E71FA3D977B8}.Debug|Any CPU.Build.0 = Debug|Any CPU
		{7B92C5C3-B079-DC90-58C3-E71FA3D977B8}.Release|Any CPU.ActiveCfg = Release|Any CPU
		{7B92C5C3-B079-DC90-58C3-E71FA3D977B8}.Release|Any CPU.Build.0 = Release|Any CPU
		{32C75C06-5D44-DC78-3EB3-F9F15CA1D69F}.Debug|Any CPU.ActiveCfg = Debug|Any CPU
		{32C75C06-5D44-DC78-3EB3-F9F15CA1D69F}.Debug|Any CPU.Build.0 = Debug|Any CPU
		{32C75C06-5D44-DC78-3EB3-F9F15CA1D69F}.Release|Any CPU.ActiveCfg = Release|Any CPU
		{32C75C06-5D44-DC78-3EB3-F9F15CA1D69F}.Release|Any CPU.Build.0 = Release|Any CPU
	EndGlobalSection
	GlobalSection(SolutionProperties) = preSolution
		HideSolutionNode = FALSE
	EndGlobalSection
EndGlobal
